<?xml version="1.0" encoding="utf-8"?>
<Project ToolsVersion="4.0" xmlns="http://schemas.microsoft.com/developer/msbuild/2003">
  <ItemGroup>
    <Filter Include="Source Files">
      <UniqueIdentifier>{4FC737F1-C7A5-4376-A066-2A32D752A2FF}</UniqueIdentifier>
      <Extensions>cpp;c;cc;cxx;def;odl;idl;hpj;bat;asm;asmx</Extensions>
    </Filter>
    <Filter Include="Header Files">
      <UniqueIdentifier>{93995380-89BD-4b04-88EB-625FBE52EBFB}</UniqueIdentifier>
      <Extensions>h;hpp;hxx;hm;inl;inc;xsd</Extensions>
    </Filter>
    <Filter Include="Resource Files">
      <UniqueIdentifier>{67DA6AB6-F800-4c08-8B7A-83BB121AAD01}</UniqueIdentifier>
      <Extensions>rc;ico;cur;bmp;dlg;rc2;rct;bin;rgs;gif;jpg;jpeg;jpe;resx;tiff;tif;png;wav;mfcribbon-ms</Extensions>
    </Filter>
    <Filter Include="Header Files\Parser">
      <UniqueIdentifier>{8f22d23e-c5bd-4fdb-8b91-625fc7f73ccf}</UniqueIdentifier>
    </Filter>
    <Filter Include="Source Files\parser">
      <UniqueIdentifier>{f171c433-59f6-4e85-a327-d4c90db5c68b}</UniqueIdentifier>
    </Filter>
  </ItemGroup>
  <ItemGroup>
    <ClInclude Include="j_function.h">
      <Filter>Header Files</Filter>
    </ClInclude>
    <ClInclude Include="math_base.h">
      <Filter>Header Files</Filter>
    </ClInclude>
    <ClInclude Include="j_physical_constants.h">
      <Filter>Header Files</Filter>
    </ClInclude>
    <ClInclude Include="Arguments.h">
      <Filter>Header Files</Filter>
    </ClInclude>
    <ClInclude Include="J_Unit_Symbol.h">
      <Filter>Header Files</Filter>
    </ClInclude>
    <ClInclude Include="J_Symbol_Fwd_Decl.h">
      <Filter>Header Files</Filter>
    </ClInclude>
    <ClInclude Include="j_symbol.h">
      <Filter>Header Files</Filter>
    </ClInclude>
    <ClInclude Include="j_value.h">
      <Filter>Header Files</Filter>
    </ClInclude>
    <ClInclude Include="j_unit.h">
      <Filter>Header Files</Filter>
    </ClInclude>
    <ClInclude Include="j_composite_symbol.h">
      <Filter>Header Files</Filter>
    </ClInclude>
    <ClInclude Include="j_number_symbol.h">
      <Filter>Header Files</Filter>
    </ClInclude>
    <ClInclude Include="j_placeholder_symbol.h">
      <Filter>Header Files</Filter>
    </ClInclude>
    <ClInclude Include="j_routine_symbol.h">
      <Filter>Header Files</Filter>
    </ClInclude>
    <ClInclude Include="Binary_Function_Chain_Symbol.h">
      <Filter>Header Files</Filter>
    </ClInclude>
    <ClInclude Include="Add_Symbol_Joiner.h">
      <Filter>Header Files</Filter>
    </ClInclude>
    <ClInclude Include="Symbol_Joiner.h">
      <Filter>Header Files</Filter>
    </ClInclude>
    <ClInclude Include="j_boolean_expression.h">
      <Filter>Header Files</Filter>
    </ClInclude>
    <ClInclude Include="Boolean_Testers.h">
      <Filter>Header Files</Filter>
    </ClInclude>
    <ClInclude Include="Unit_Converter.h">
      <Filter>Header Files</Filter>
    </ClInclude>
    <ClInclude Include="boolean_tester_array.h">
      <Filter>Header Files</Filter>
    </ClInclude>
    <ClInclude Include="j_symbol_containers.h">
      <Filter>Header Files</Filter>
    </ClInclude>
    <ClInclude Include="j_symbol_component.h">
      <Filter>Header Files</Filter>
    </ClInclude>
    <ClInclude Include="Constant_Symbol_Factory.h">
      <Filter>Header Files</Filter>
    </ClInclude>
    <ClInclude Include="Constant_Symbol.h">
      <Filter>Header Files</Filter>
    </ClInclude>
    <ClInclude Include="Variable_Reference_Symbol.h">
      <Filter>Header Files</Filter>
    </ClInclude>
    <ClInclude Include="Variable_Symbol.h">
      <Filter>Header Files</Filter>
    </ClInclude>
    <ClInclude Include="j_declaration.h">
      <Filter>Header Files</Filter>
    </ClInclude>
    <ClInclude Include="Type_Syntax.h">
      <Filter>Header Files</Filter>
    </ClInclude>
    <ClInclude Include="j_expression.h">
      <Filter>Header Files</Filter>
    </ClInclude>
    <ClInclude Include="Addition_Expression.h">
      <Filter>Header Files</Filter>
    </ClInclude>
    <ClInclude Include="Subtraction_Expression.h">
      <Filter>Header Files</Filter>
    </ClInclude>
    <ClInclude Include="Multiplication_Expression.h">
      <Filter>Header Files</Filter>
    </ClInclude>
    <ClInclude Include="Division_Expression.h">
      <Filter>Header Files</Filter>
    </ClInclude>
    <ClInclude Include="Type_Factory.h">
      <Filter>Header Files</Filter>
    </ClInclude>
    <ClInclude Include="Type_Int.h">
      <Filter>Header Files</Filter>
    </ClInclude>
    <ClInclude Include="Type_Double.h">
      <Filter>Header Files</Filter>
    </ClInclude>
    <ClInclude Include="J_Symbol_Error.h">
      <Filter>Header Files</Filter>
    </ClInclude>
    <ClInclude Include="Value_Expression.h">
      <Filter>Header Files</Filter>
    </ClInclude>
    <ClInclude Include="Expression_List.h">
      <Filter>Header Files</Filter>
    </ClInclude>
    <ClInclude Include="j_symbol_component_list.h">
      <Filter>Header Files</Filter>
    </ClInclude>
    <ClInclude Include="J_Symbol_Component_Array.h">
      <Filter>Header Files</Filter>
    </ClInclude>
    <ClInclude Include="J_Symbol_Component_Allocator.h">
      <Filter>Header Files</Filter>
    </ClInclude>
    <ClInclude Include="Call_Expression.h">
      <Filter>Header Files</Filter>
    </ClInclude>
    <ClInclude Include="J_Symbol_Identifier.h">
      <Filter>Header Files</Filter>
    </ClInclude>
    <ClInclude Include="Field_Access_Expression.h">
      <Filter>Header Files</Filter>
    </ClInclude>
    <ClInclude Include="Symbol_Types.h">
      <Filter>Header Files</Filter>
    </ClInclude>
    <ClInclude Include="Binary_Expression.h">
      <Filter>Header Files</Filter>
    </ClInclude>
    <ClInclude Include="Unary_Function_Symbol.h">
      <Filter>Header Files</Filter>
    </ClInclude>
    <ClInclude Include="Type_Bool.h">
      <Filter>Header Files</Filter>
    </ClInclude>
    <ClInclude Include="Unary_Operator_Expression.h">
      <Filter>Header Files</Filter>
    </ClInclude>
    <ClInclude Include="Unary_Negate_Expression.h">
      <Filter>Header Files</Filter>
    </ClInclude>
    <ClInclude Include="parser\J_Calc_Parser.h">
      <Filter>Header Files\Parser</Filter>
    </ClInclude>
    <ClInclude Include="parser\j_yy_stack.h">
      <Filter>Header Files\Parser</Filter>
    </ClInclude>
    <ClInclude Include="parser\Lexer_Location.h">
      <Filter>Header Files\Parser</Filter>
    </ClInclude>
    <ClInclude Include="parser\Math_Parser.h">
      <Filter>Header Files\Parser</Filter>
    </ClInclude>
    <ClInclude Include="J_Symbol_Scope.h">
      <Filter>Header Files</Filter>
    </ClInclude>
    <ClInclude Include="Symbol_Component_List.h">
      <Filter>Header Files</Filter>
    </ClInclude>
    <ClInclude Include="Specific_Symbol_List.h">
      <Filter>Header Files</Filter>
    </ClInclude>
    <ClInclude Include="parser/math_parsing_unit.hh" />
    <ClInclude Include="Type_Routine.h">
      <Filter>Header Files</Filter>
    </ClInclude>
    <ClInclude Include="Type_Routine_Variable_Args.h">
      <Filter>Header Files</Filter>
    </ClInclude>
    <ClInclude Include="Type_String.h">
      <Filter>Header Files</Filter>
    </ClInclude>
    <ClInclude Include="Custom_Routine_Symbol.h">
      <Filter>Header Files</Filter>
    </ClInclude>
    <ClInclude Include="Assignment_Expression.h">
      <Filter>Header Files</Filter>
    </ClInclude>
    <ClInclude Include="J_Value_Types.h">
      <Filter>Header Files</Filter>
    </ClInclude>
    <ClInclude Include="Type_Void.h">
      <Filter>Header Files</Filter>
    </ClInclude>
  </ItemGroup>
  <ItemGroup>
    <ClCompile Include="j_function.cpp">
      <Filter>Source Files</Filter>
    </ClCompile>
    <ClCompile Include="math_base.cpp">
      <Filter>Source Files</Filter>
    </ClCompile>
    <ClCompile Include="Arguments.cpp">
      <Filter>Source Files</Filter>
    </ClCompile>
    <ClCompile Include="j_value.cpp">
      <Filter>Source Files</Filter>
    </ClCompile>
    <ClCompile Include="j_routine_symbol.cpp">
      <Filter>Source Files</Filter>
    </ClCompile>
    <ClCompile Include="j_symbol.cpp">
      <Filter>Source Files</Filter>
    </ClCompile>
    <ClCompile Include="j_composite_symbol.cpp">
      <Filter>Source Files</Filter>
    </ClCompile>
    <ClCompile Include="j_placeholder_symbol.cpp">
      <Filter>Source Files</Filter>
    </ClCompile>
    <ClCompile Include="j_number_symbol.cpp">
      <Filter>Source Files</Filter>
    </ClCompile>
    <ClCompile Include="j_boolean_expression.cpp">
      <Filter>Source Files</Filter>
    </ClCompile>
    <ClCompile Include="Boolean_Testers.cpp">
      <Filter>Source Files</Filter>
    </ClCompile>
    <ClCompile Include="j_unit.cpp">
      <Filter>Source Files</Filter>
    </ClCompile>
    <ClCompile Include="Unit_Converter.cpp">
      <Filter>Source Files</Filter>
    </ClCompile>
    <ClCompile Include="j_symbol_array.cpp">
      <Filter>Source Files</Filter>
    </ClCompile>
    <ClCompile Include="j_symbol_component.cpp">
      <Filter>Source Files</Filter>
    </ClCompile>
    <ClCompile Include="Constant_Symbol_Factory.cpp">
      <Filter>Source Files</Filter>
    </ClCompile>
    <ClCompile Include="Constant_Symbol.cpp">
      <Filter>Source Files</Filter>
    </ClCompile>
    <ClCompile Include="Variable_Reference_Symbol.cpp">
      <Filter>Source Files</Filter>
    </ClCompile>
    <ClCompile Include="Variable_Symbol.cpp">
      <Filter>Source Files</Filter>
    </ClCompile>
    <ClCompile Include="j_expression.cpp">
      <Filter>Source Files</Filter>
    </ClCompile>
    <ClCompile Include="Addition_Expression.cpp">
      <Filter>Source Files</Filter>
    </ClCompile>
    <ClCompile Include="Subtraction_Expression.cpp">
      <Filter>Source Files</Filter>
    </ClCompile>
    <ClCompile Include="Multiplication_Expression.cpp">
      <Filter>Source Files</Filter>
    </ClCompile>
    <ClCompile Include="Division_Expression.cpp">
      <Filter>Source Files</Filter>
    </ClCompile>
    <ClCompile Include="Type_Factory.cpp">
      <Filter>Source Files</Filter>
    </ClCompile>
    <ClCompile Include="Type_Int.cpp">
      <Filter>Source Files</Filter>
    </ClCompile>
    <ClCompile Include="Type_Syntax.cpp">
      <Filter>Source Files</Filter>
    </ClCompile>
    <ClCompile Include="Type_Double.cpp">
      <Filter>Source Files</Filter>
    </ClCompile>
    <ClCompile Include="j_declaration.cpp">
      <Filter>Source Files</Filter>
    </ClCompile>
    <ClCompile Include="J_Symbol_Error.cpp">
      <Filter>Source Files</Filter>
    </ClCompile>
    <ClCompile Include="Value_Expression.cpp">
      <Filter>Source Files</Filter>
    </ClCompile>
    <ClCompile Include="j_symbol_component_list.cpp">
      <Filter>Source Files</Filter>
    </ClCompile>
    <ClCompile Include="Call_Expression.cpp">
      <Filter>Source Files</Filter>
    </ClCompile>
    <ClCompile Include="J_Symbol_Identifier.cpp">
      <Filter>Source Files</Filter>
    </ClCompile>
    <ClCompile Include="Field_Access_Expression.cpp">
      <Filter>Source Files</Filter>
    </ClCompile>
    <ClCompile Include="Binary_Expression.cpp">
      <Filter>Source Files</Filter>
    </ClCompile>
    <ClCompile Include="Type_Bool.cpp">
      <Filter>Source Files</Filter>
    </ClCompile>
    <ClCompile Include="Unary_Operator_Expression.cpp">
      <Filter>Source Files</Filter>
    </ClCompile>
    <ClCompile Include="Unary_Negate_Expression.cpp">
      <Filter>Source Files</Filter>
    </ClCompile>
    <ClCompile Include="parser\J_Calc_Parser.cpp">
      <Filter>Source Files\parser</Filter>
    </ClCompile>
    <ClCompile Include="parser\Math_Lexer.cpp">
      <Filter>Source Files\parser</Filter>
    </ClCompile>
    <ClCompile Include="parser\Math_Parser.cc">
      <Filter>Source Files\parser</Filter>
    </ClCompile>
    <ClCompile Include="parser\Math_YY_Lex.cpp">
      <Filter>Source Files\parser</Filter>
    </ClCompile>
    <ClCompile Include="J_Symbol_Scope.cpp">
      <Filter>Source Files</Filter>
    </ClCompile>
    <ClCompile Include="Symbol_Component_List.cpp">
      <Filter>Source Files</Filter>
    </ClCompile>
    <ClCompile Include="parser\math_parsing_unit.cc">
      <Filter>Source Files\parser</Filter>
    </ClCompile>
    <ClCompile Include="Type_Routine.cpp">
      <Filter>Source Files</Filter>
    </ClCompile>
    <ClCompile Include="Type_Routine_Variable_Args.cpp">
      <Filter>Source Files</Filter>
    </ClCompile>
    <ClCompile Include="Type_String.cpp">
      <Filter>Source Files</Filter>
    </ClCompile>
    <ClCompile Include="Custom_Routine_Symbol.cpp">
      <Filter>Source Files</Filter>
    </ClCompile>
    <ClCompile Include="Assignment_Expression.cpp">
      <Filter>Source Files</Filter>
    </ClCompile>
    <ClCompile Include="J_Value_Types.cpp">
      <Filter>Source Files</Filter>
    </ClCompile>
    <ClCompile Include="Type_Void.cpp">
      <Filter>Source Files</Filter>
    </ClCompile>
  </ItemGroup>
  <ItemGroup>
    <None Include="parser\Math_Lexer.l">
      <Filter>Resource Files</Filter>
    </None>
    <None Include="parser\parser.y">
      <Filter>Source Files\parser</Filter>
    </None>
    <None Include="parser\math_parsing_unit.output">
      <Filter>Resource Files</Filter>
    </None>
  </ItemGroup>
  <ItemGroup>
    <CustomBuild Include="parser\Math_Lexer.h">
      <Filter>Header Files</Filter>
    </CustomBuild>
    <CustomBuild Include="parser/parser.h">
      <Filter>Header Files</Filter>
    </CustomBuild>
  </ItemGroup>
</Project>