
Microsoft Visual Studio Solution File, Format Version 12.00
# Visual Studio 2013
VisualStudioVersion = 12.0.30723.0
MinimumVisualStudioVersion = 10.0.40219.1
Project("{8BC9CEB8-8B4A-11D0-8D11-00A0C91BC942}") = "J_Calc", "J_Calc.vcxproj", "{8B9C5C74-AE07-4545-AE05-F3064467EA37}"
	ProjectSection(ProjectDependencies) = postProject
		{3565A91E-F71E-45C6-8AE6-2FBCB43DEAA7} = {3565A91E-F71E-45C6-8AE6-2FBCB43DEAA7}
		{CC3C8F4B-2747-4FBB-8B37-A63ED19A8819} = {CC3C8F4B-2747-4FBB-8B37-A63ED19A8819}
		{FD2AA34F-67C4-4AEC-806C-01F6080C1C65} = {FD2AA34F-67C4-4AEC-806C-01F6080C1C65}
		{B6780259-DE23-436E-A4A3-FFA18F4D54C6} = {B6780259-DE23-436E-A4A3-FFA18F4D54C6}
		{509B1A88-C150-47E0-8FE5-C2E5F6F4F57A} = {509B1A88-C150-47E0-8FE5-C2E5F6F4F57A}
		{27D4F7A5-9320-49CF-9A55-5E78AA66F706} = {27D4F7A5-9320-49CF-9A55-5E78AA66F706}
		{C05568AA-0F64-4B52-897B-2DE70554B110} = {C05568AA-0F64-4B52-897B-2DE70554B110}
		{83A7B9AC-A015-4378-93E0-F7ECE4159C45} = {83A7B9AC-A015-4378-93E0-F7ECE4159C45}
		{FEE038CD-2097-4ED6-9C59-D9BF7DC8B1F6} = {FEE038CD-2097-4ED6-9C59-D9BF7DC8B1F6}
		{0A37C3D6-9CE9-4A01-86A8-0A4CB50E3507} = {0A37C3D6-9CE9-4A01-86A8-0A4CB50E3507}
	EndProjectSection
EndProject
Project("{8BC9CEB8-8B4A-11D0-8D11-00A0C91BC942}") = "J_UI", "..\J_UI\J_UI.vcxproj", "{83A7B9AC-A015-4378-93E0-F7ECE4159C45}"
EndProject
Project("{8BC9CEB8-8B4A-11D0-8D11-00A0C91BC942}") = "j_function", "..\j_function\j_function.vcxproj", "{FD2AA34F-67C4-4AEC-806C-01F6080C1C65}"
EndProject
Project("{8BC9CEB8-8B4A-11D0-8D11-00A0C91BC942}") = "J_OpenGL", "..\J_OpenGl\J_OpenGL.vcxproj", "{509B1A88-C150-47E0-8FE5-C2E5F6F4F57A}"
EndProject
Project("{8BC9CEB8-8B4A-11D0-8D11-00A0C91BC942}") = "J_Utile", "..\J_Utile\J_Utile.vcxproj", "{0A37C3D6-9CE9-4A01-86A8-0A4CB50E3507}"
EndProject
Project("{8BC9CEB8-8B4A-11D0-8D11-00A0C91BC942}") = "J_String", "..\J_String\J_String.vcxproj", "{B6780259-DE23-436E-A4A3-FFA18F4D54C6}"
EndProject
Project("{8BC9CEB8-8B4A-11D0-8D11-00A0C91BC942}") = "j_iterator", "..\j_iterator\j_iterator.vcxproj", "{27D4F7A5-9320-49CF-9A55-5E78AA66F706}"
EndProject
Project("{8BC9CEB8-8B4A-11D0-8D11-00A0C91BC942}") = "J_Math", "..\J_Math\J_Math.vcxproj", "{C05568AA-0F64-4B52-897B-2DE70554B110}"
EndProject
Project("{8BC9CEB8-8B4A-11D0-8D11-00A0C91BC942}") = "ex_array", "..\ex_array\ex_array.vcxproj", "{FEE038CD-2097-4ED6-9C59-D9BF7DC8B1F6}"
EndProject
Project("{8BC9CEB8-8B4A-11D0-8D11-00A0C91BC942}") = "J_RB_Tree", "..\J_RB_Tree\J_RB_Tree.vcxproj", "{3565A91E-F71E-45C6-8AE6-2FBCB43DEAA7}"
EndProject
Project("{8BC9CEB8-8B4A-11D0-8D11-00A0C91BC942}") = "J_Geometry", "..\J_Geometry\J_Geometry.vcxproj", "{CC3C8F4B-2747-4FBB-8B37-A63ED19A8819}"
EndProject
Global
	GlobalSection(SolutionConfigurationPlatforms) = preSolution
		Debug|Win32 = Debug|Win32
		Debug|x64 = Debug|x64
		Release|Win32 = Release|Win32
		Release|x64 = Release|x64
	EndGlobalSection
	GlobalSection(ProjectConfigurationPlatforms) = postSolution
		{8B9C5C74-AE07-4545-AE05-F3064467EA37}.Debug|Win32.ActiveCfg = Debug|Win32
		{8B9C5C74-AE07-4545-AE05-F3064467EA37}.Debug|Win32.Build.0 = Debug|Win32
		{8B9C5C74-AE07-4545-AE05-F3064467EA37}.Debug|x64.ActiveCfg = Debug|x64
		{8B9C5C74-AE07-4545-AE05-F3064467EA37}.Debug|x64.Build.0 = Debug|x64
		{8B9C5C74-AE07-4545-AE05-F3064467EA37}.Release|Win32.ActiveCfg = Release|Win32
		{8B9C5C74-AE07-4545-AE05-F3064467EA37}.Release|Win32.Build.0 = Release|Win32
		{8B9C5C74-AE07-4545-AE05-F3064467EA37}.Release|x64.ActiveCfg = Release|x64
		{8B9C5C74-AE07-4545-AE05-F3064467EA37}.Release|x64.Build.0 = Release|x64
		{83A7B9AC-A015-4378-93E0-F7ECE4159C45}.Debug|Win32.ActiveCfg = Debug|Win32
		{83A7B9AC-A015-4378-93E0-F7ECE4159C45}.Debug|Win32.Build.0 = Debug|Win32
		{83A7B9AC-A015-4378-93E0-F7ECE4159C45}.Debug|x64.ActiveCfg = Debug|x64
		{83A7B9AC-A015-4378-93E0-F7ECE4159C45}.Debug|x64.Build.0 = Debug|x64
		{83A7B9AC-A015-4378-93E0-F7ECE4159C45}.Release|Win32.ActiveCfg = Release|Win32
		{83A7B9AC-A015-4378-93E0-F7ECE4159C45}.Release|Win32.Build.0 = Release|Win32
		{83A7B9AC-A015-4378-93E0-F7ECE4159C45}.Release|x64.ActiveCfg = Release|x64
		{83A7B9AC-A015-4378-93E0-F7ECE4159C45}.Release|x64.Build.0 = Release|x64
		{FD2AA34F-67C4-4AEC-806C-01F6080C1C65}.Debug|Win32.ActiveCfg = Debug|Win32
		{FD2AA34F-67C4-4AEC-806C-01F6080C1C65}.Debug|Win32.Build.0 = Debug|Win32
		{FD2AA34F-67C4-4AEC-806C-01F6080C1C65}.Debug|x64.ActiveCfg = Debug|x64
		{FD2AA34F-67C4-4AEC-806C-01F6080C1C65}.Debug|x64.Build.0 = Debug|x64
		{FD2AA34F-67C4-4AEC-806C-01F6080C1C65}.Release|Win32.ActiveCfg = Release|Win32
		{FD2AA34F-67C4-4AEC-806C-01F6080C1C65}.Release|Win32.Build.0 = Release|Win32
		{FD2AA34F-67C4-4AEC-806C-01F6080C1C65}.Release|x64.ActiveCfg = Release|x64
		{FD2AA34F-67C4-4AEC-806C-01F6080C1C65}.Release|x64.Build.0 = Release|x64
		{509B1A88-C150-47E0-8FE5-C2E5F6F4F57A}.Debug|Win32.ActiveCfg = Debug|Win32
		{509B1A88-C150-47E0-8FE5-C2E5F6F4F57A}.Debug|Win32.Build.0 = Debug|Win32
		{509B1A88-C150-47E0-8FE5-C2E5F6F4F57A}.Debug|x64.ActiveCfg = Debug|x64
		{509B1A88-C150-47E0-8FE5-C2E5F6F4F57A}.Debug|x64.Build.0 = Debug|x64
		{509B1A88-C150-47E0-8FE5-C2E5F6F4F57A}.Release|Win32.ActiveCfg = Release|Win32
		{509B1A88-C150-47E0-8FE5-C2E5F6F4F57A}.Release|Win32.Build.0 = Release|Win32
		{509B1A88-C150-47E0-8FE5-C2E5F6F4F57A}.Release|x64.ActiveCfg = Release|x64
		{509B1A88-C150-47E0-8FE5-C2E5F6F4F57A}.Release|x64.Build.0 = Release|x64
		{0A37C3D6-9CE9-4A01-86A8-0A4CB50E3507}.Debug|Win32.ActiveCfg = Debug|Win32
		{0A37C3D6-9CE9-4A01-86A8-0A4CB50E3507}.Debug|Win32.Build.0 = Debug|Win32
		{0A37C3D6-9CE9-4A01-86A8-0A4CB50E3507}.Debug|x64.ActiveCfg = Debug|x64
		{0A37C3D6-9CE9-4A01-86A8-0A4CB50E3507}.Debug|x64.Build.0 = Debug|x64
		{0A37C3D6-9CE9-4A01-86A8-0A4CB50E3507}.Release|Win32.ActiveCfg = Release|Win32
		{0A37C3D6-9CE9-4A01-86A8-0A4CB50E3507}.Release|Win32.Build.0 = Release|Win32
		{0A37C3D6-9CE9-4A01-86A8-0A4CB50E3507}.Release|x64.ActiveCfg = Release|x64
		{0A37C3D6-9CE9-4A01-86A8-0A4CB50E3507}.Release|x64.Build.0 = Release|x64
		{B6780259-DE23-436E-A4A3-FFA18F4D54C6}.Debug|Win32.ActiveCfg = Debug|Win32
		{B6780259-DE23-436E-A4A3-FFA18F4D54C6}.Debug|Win32.Build.0 = Debug|Win32
		{B6780259-DE23-436E-A4A3-FFA18F4D54C6}.Debug|x64.ActiveCfg = Debug|x64
		{B6780259-DE23-436E-A4A3-FFA18F4D54C6}.Debug|x64.Build.0 = Debug|x64
		{B6780259-DE23-436E-A4A3-FFA18F4D54C6}.Release|Win32.ActiveCfg = Release|Win32
		{B6780259-DE23-436E-A4A3-FFA18F4D54C6}.Release|Win32.Build.0 = Release|Win32
		{B6780259-DE23-436E-A4A3-FFA18F4D54C6}.Release|x64.ActiveCfg = Release|x64
		{B6780259-DE23-436E-A4A3-FFA18F4D54C6}.Release|x64.Build.0 = Release|x64
		{27D4F7A5-9320-49CF-9A55-5E78AA66F706}.Debug|Win32.ActiveCfg = Debug|Win32
		{27D4F7A5-9320-49CF-9A55-5E78AA66F706}.Debug|Win32.Build.0 = Debug|Win32
		{27D4F7A5-9320-49CF-9A55-5E78AA66F706}.Debug|x64.ActiveCfg = Debug|x64
		{27D4F7A5-9320-49CF-9A55-5E78AA66F706}.Debug|x64.Build.0 = Debug|x64
		{27D4F7A5-9320-49CF-9A55-5E78AA66F706}.Release|Win32.ActiveCfg = Release|Win32
		{27D4F7A5-9320-49CF-9A55-5E78AA66F706}.Release|Win32.Build.0 = Release|Win32
		{27D4F7A5-9320-49CF-9A55-5E78AA66F706}.Release|x64.ActiveCfg = Release|x64
		{27D4F7A5-9320-49CF-9A55-5E78AA66F706}.Release|x64.Build.0 = Release|x64
		{C05568AA-0F64-4B52-897B-2DE70554B110}.Debug|Win32.ActiveCfg = Debug|Win32
		{C05568AA-0F64-4B52-897B-2DE70554B110}.Debug|Win32.Build.0 = Debug|Win32
		{C05568AA-0F64-4B52-897B-2DE70554B110}.Debug|x64.ActiveCfg = Debug|x64
		{C05568AA-0F64-4B52-897B-2DE70554B110}.Debug|x64.Build.0 = Debug|x64
		{C05568AA-0F64-4B52-897B-2DE70554B110}.Release|Win32.ActiveCfg = Release|Win32
		{C05568AA-0F64-4B52-897B-2DE70554B110}.Release|Win32.Build.0 = Release|Win32
		{C05568AA-0F64-4B52-897B-2DE70554B110}.Release|x64.ActiveCfg = Release|x64
		{C05568AA-0F64-4B52-897B-2DE70554B110}.Release|x64.Build.0 = Release|x64
		{FEE038CD-2097-4ED6-9C59-D9BF7DC8B1F6}.Debug|Win32.ActiveCfg = Debug|Win32
		{FEE038CD-2097-4ED6-9C59-D9BF7DC8B1F6}.Debug|Win32.Build.0 = Debug|Win32
		{FEE038CD-2097-4ED6-9C59-D9BF7DC8B1F6}.Debug|x64.ActiveCfg = Debug|x64
		{FEE038CD-2097-4ED6-9C59-D9BF7DC8B1F6}.Debug|x64.Build.0 = Debug|x64
		{FEE038CD-2097-4ED6-9C59-D9BF7DC8B1F6}.Release|Win32.ActiveCfg = Release|Win32
		{FEE038CD-2097-4ED6-9C59-D9BF7DC8B1F6}.Release|Win32.Build.0 = Release|Win32
		{FEE038CD-2097-4ED6-9C59-D9BF7DC8B1F6}.Release|x64.ActiveCfg = Release|x64
		{FEE038CD-2097-4ED6-9C59-D9BF7DC8B1F6}.Release|x64.Build.0 = Release|x64
		{3565A91E-F71E-45C6-8AE6-2FBCB43DEAA7}.Debug|Win32.ActiveCfg = Debug|Win32
		{3565A91E-F71E-45C6-8AE6-2FBCB43DEAA7}.Debug|Win32.Build.0 = Debug|Win32
		{3565A91E-F71E-45C6-8AE6-2FBCB43DEAA7}.Debug|x64.ActiveCfg = Debug|x64
		{3565A91E-F71E-45C6-8AE6-2FBCB43DEAA7}.Debug|x64.Build.0 = Debug|x64
		{3565A91E-F71E-45C6-8AE6-2FBCB43DEAA7}.Release|Win32.ActiveCfg = Release|Win32
		{3565A91E-F71E-45C6-8AE6-2FBCB43DEAA7}.Release|Win32.Build.0 = Release|Win32
		{3565A91E-F71E-45C6-8AE6-2FBCB43DEAA7}.Release|x64.ActiveCfg = Release|x64
		{3565A91E-F71E-45C6-8AE6-2FBCB43DEAA7}.Release|x64.Build.0 = Release|x64
		{CC3C8F4B-2747-4FBB-8B37-A63ED19A8819}.Debug|Win32.ActiveCfg = Debug|Win32
		{CC3C8F4B-2747-4FBB-8B37-A63ED19A8819}.Debug|Win32.Build.0 = Debug|Win32
		{CC3C8F4B-2747-4FBB-8B37-A63ED19A8819}.Debug|x64.ActiveCfg = Debug|x64
		{CC3C8F4B-2747-4FBB-8B37-A63ED19A8819}.Debug|x64.Build.0 = Debug|x64
		{CC3C8F4B-2747-4FBB-8B37-A63ED19A8819}.Release|Win32.ActiveCfg = Release|Win32
		{CC3C8F4B-2747-4FBB-8B37-A63ED19A8819}.Release|Win32.Build.0 = Release|Win32
		{CC3C8F4B-2747-4FBB-8B37-A63ED19A8819}.Release|x64.ActiveCfg = Release|x64
		{CC3C8F4B-2747-4FBB-8B37-A63ED19A8819}.Release|x64.Build.0 = Release|x64
	EndGlobalSection
	GlobalSection(SolutionProperties) = preSolution
		HideSolutionNode = FALSE
	EndGlobalSection
	GlobalSection(Performance) = preSolution
		HasPerformanceSessions = true
	EndGlobalSection
EndGlobal
