<?xml version="1.0" encoding="utf-8"?>
<Project ToolsVersion="4.0" xmlns="http://schemas.microsoft.com/developer/msbuild/2003">
  <ItemGroup>
    <Filter Include="Source Files">
      <UniqueIdentifier>{4FC737F1-C7A5-4376-A066-2A32D752A2FF}</UniqueIdentifier>
      <Extensions>cpp;c;cc;cxx;def;odl;idl;hpj;bat;asm;asmx</Extensions>
    </Filter>
    <Filter Include="Header Files">
      <UniqueIdentifier>{93995380-89BD-4b04-88EB-625FBE52EBFB}</UniqueIdentifier>
      <Extensions>h;hh;hpp;hxx;hm;inl;inc;xsd</Extensions>
    </Filter>
    <Filter Include="Resource Files">
      <UniqueIdentifier>{67DA6AB6-F800-4c08-8B7A-83BB121AAD01}</UniqueIdentifier>
      <Extensions>rc;ico;cur;bmp;dlg;rc2;rct;bin;rgs;gif;jpg;jpeg;jpe;resx;tiff;tif;png;wav;mfcribbon-ms</Extensions>
    </Filter>
  </ItemGroup>
  <ItemGroup>
    <ClInclude Include="J_Calc_Controller.h">
      <Filter>Header Files</Filter>
    </ClInclude>
    <ClInclude Include="J_Calc_Data.h">
      <Filter>Header Files</Filter>
    </ClInclude>
    <ClInclude Include="J_Calc_Error.h">
      <Filter>Header Files</Filter>
    </ClInclude>
    <ClInclude Include="J_Calc_Functional.h">
      <Filter>Header Files</Filter>
    </ClInclude>
    <ClInclude Include="J_Calc_Fwd_Decl.h">
      <Filter>Header Files</Filter>
    </ClInclude>
    <ClInclude Include="J_Calc_Parser.h">
      <Filter>Header Files</Filter>
    </ClInclude>
    <ClInclude Include="J_Calc_View.h">
      <Filter>Header Files</Filter>
    </ClInclude>
    <ClInclude Include="Line_Input.h">
      <Filter>Header Files</Filter>
    </ClInclude>
    <ClInclude Include="Math_Input_Box.h">
      <Filter>Header Files</Filter>
    </ClInclude>
    <ClInclude Include="j_function_factory.h">
      <Filter>Header Files</Filter>
    </ClInclude>
    <ClInclude Include="j_construct_symbol.h">
      <Filter>Header Files</Filter>
    </ClInclude>
    <ClInclude Include="j_conditional_construct_symbol.h">
      <Filter>Header Files</Filter>
    </ClInclude>
    <ClInclude Include="Lexer_Location.h">
      <Filter>Header Files</Filter>
    </ClInclude>
    <ClInclude Include="Math_Parser.h">
      <Filter>Header Files</Filter>
    </ClInclude>
    <ClInclude Include="math_parsing_unit.hh">
      <Filter>Header Files</Filter>
    </ClInclude>
    <ClInclude Include="j_yy_stack.h">
      <Filter>Header Files</Filter>
    </ClInclude>
  </ItemGroup>
  <ItemGroup>
    <ClCompile Include="J_Calc.cpp">
      <Filter>Source Files</Filter>
    </ClCompile>
    <ClCompile Include="J_Calc_Controller.cpp">
      <Filter>Source Files</Filter>
    </ClCompile>
    <ClCompile Include="J_Calc_Data.cpp">
      <Filter>Source Files</Filter>
    </ClCompile>
    <ClCompile Include="J_Calc_Error.cpp">
      <Filter>Source Files</Filter>
    </ClCompile>
    <ClCompile Include="J_Calc_Parser.cpp">
      <Filter>Source Files</Filter>
    </ClCompile>
    <ClCompile Include="J_Calc_View.cpp">
      <Filter>Source Files</Filter>
    </ClCompile>
    <ClCompile Include="Line_Input.cpp">
      <Filter>Source Files</Filter>
    </ClCompile>
    <ClCompile Include="Math_Input_Box.cpp">
      <Filter>Source Files</Filter>
    </ClCompile>
    <ClCompile Include="j_function_factory.cpp">
      <Filter>Source Files</Filter>
    </ClCompile>
    <ClCompile Include="j_conditional_construct_symbol.cpp">
      <Filter>Source Files</Filter>
    </ClCompile>
    <ClCompile Include="Math_Lexer.cpp">
      <Filter>Source Files</Filter>
    </ClCompile>
    <ClCompile Include="Math_YY_Lex.cpp">
      <Filter>Source Files</Filter>
    </ClCompile>
    <ClCompile Include="Math_Parser.cc">
      <Filter>Source Files</Filter>
    </ClCompile>
    <ClCompile Include="math_parsing_unit.cc">
      <Filter>Source Files</Filter>
    </ClCompile>
  </ItemGroup>
  <ItemGroup>
    <None Include="..\..\Program Files (x86)\Microsoft Visual Studio 12.0\Common7\Packages\Debugger\Visualizers\jtl.natvis">
      <Filter>Resource Files</Filter>
    </None>
    <None Include="test_script.jcs">
      <Filter>Resource Files</Filter>
    </None>
    <None Include="x64\AssertHappy\in_script.jcs">
      <Filter>Resource Files</Filter>
    </None>
    <None Include="parser.output">
      <Filter>Resource Files</Filter>
    </None>
    <None Include="parser.y">
      <Filter>Source Files</Filter>
    </None>
    <None Include="Math_Lexer.l">
      <Filter>Source Files</Filter>
    </None>
    <None Include="button_press.jcs">
      <Filter>Resource Files</Filter>
    </None>
  </ItemGroup>
  <ItemGroup>
    <CustomBuild Include="parser.h">
      <Filter>Header Files</Filter>
    </CustomBuild>
    <CustomBuild Include="Math_Lexer.h">
      <Filter>Header Files</Filter>
    </CustomBuild>
  </ItemGroup>
  <ItemGroup>
    <Text Include="TODO.txt">
      <Filter>Resource Files</Filter>
    </Text>
  </ItemGroup>
</Project>