<?xml version="1.0" encoding="utf-8"?>
<Project ToolsVersion="4.0" xmlns="http://schemas.microsoft.com/developer/msbuild/2003">
  <ItemGroup>
    <Filter Include="Source Files">
      <UniqueIdentifier>{4FC737F1-C7A5-4376-A066-2A32D752A2FF}</UniqueIdentifier>
      <Extensions>cpp;c;cc;cxx;def;odl;idl;hpj;bat;asm;asmx</Extensions>
    </Filter>
    <Filter Include="Header Files">
      <UniqueIdentifier>{93995380-89BD-4b04-88EB-625FBE52EBFB}</UniqueIdentifier>
      <Extensions>h;hpp;hxx;hm;inl;inc;xsd</Extensions>
    </Filter>
    <Filter Include="Resource Files">
      <UniqueIdentifier>{67DA6AB6-F800-4c08-8B7A-83BB121AAD01}</UniqueIdentifier>
      <Extensions>rc;ico;cur;bmp;dlg;rc2;rct;bin;rgs;gif;jpg;jpeg;jpe;resx;tiff;tif;png;wav;mfcribbon-ms</Extensions>
    </Filter>
  </ItemGroup>
  <ItemGroup>
    <ClInclude Include="J_Shader_Program.h">
      <Filter>Header Files</Filter>
    </ClInclude>
    <ClInclude Include="J_Frame_Counter.h">
      <Filter>Header Files</Filter>
    </ClInclude>
    <ClInclude Include="J_OpenGL_Fwd_Decl.h">
      <Filter>Header Files</Filter>
    </ClInclude>
    <ClInclude Include="J_Open_GL.h">
      <Filter>Header Files</Filter>
    </ClInclude>
    <ClInclude Include="OpenGL_Enums.h">
      <Filter>Header Files</Filter>
    </ClInclude>
    <ClInclude Include="GL_Enum_Conversion_Maps.h">
      <Filter>Header Files</Filter>
    </ClInclude>
    <ClInclude Include="J_GL_Objects.h">
      <Filter>Header Files</Filter>
    </ClInclude>
    <ClInclude Include="J_Frame.h">
      <Filter>Header Files</Filter>
    </ClInclude>
    <ClInclude Include="J_OpenGL_Functions.h">
      <Filter>Header Files</Filter>
    </ClInclude>
    <ClInclude Include="Shader_Program_Sources.h">
      <Filter>Header Files</Filter>
    </ClInclude>
    <ClInclude Include="Shader_Utility_Functions.h">
      <Filter>Header Files</Filter>
    </ClInclude>
  </ItemGroup>
  <ItemGroup>
    <ClCompile Include="J_Shader_Program.cpp">
      <Filter>Source Files</Filter>
    </ClCompile>
    <ClCompile Include="J_Open_GL.cpp">
      <Filter>Source Files</Filter>
    </ClCompile>
    <ClCompile Include="J_GL_Objects.cpp">
      <Filter>Source Files</Filter>
    </ClCompile>
    <ClCompile Include="J_Frame.cpp">
      <Filter>Source Files</Filter>
    </ClCompile>
    <ClCompile Include="J_OpenGL_Functions.cpp">
      <Filter>Source Files</Filter>
    </ClCompile>
    <ClCompile Include="Shader_Program_Sources.cpp">
      <Filter>Source Files</Filter>
    </ClCompile>
    <ClCompile Include="Shader_Utility_Functions.cpp">
      <Filter>Source Files</Filter>
    </ClCompile>
    <ClCompile Include="Specific_Shader_Program_Impl.cpp">
      <Filter>Source Files</Filter>
    </ClCompile>
  </ItemGroup>
  <ItemGroup>
    <None Include="Shaders\circle_outline.tes">
      <Filter>Resource Files</Filter>
    </None>
    <None Include="Shaders\five_float_out.tcs">
      <Filter>Resource Files</Filter>
    </None>
    <None Include="Shaders\quad_texture.frag">
      <Filter>Resource Files</Filter>
    </None>
    <None Include="Shaders\triangles.frag">
      <Filter>Resource Files</Filter>
    </None>
    <None Include="Shaders\triangles.vert">
      <Filter>Resource Files</Filter>
    </None>
  </ItemGroup>
</Project>