<?xml version="1.0" encoding="utf-8"?>
<Project ToolsVersion="4.0" xmlns="http://schemas.microsoft.com/developer/msbuild/2003">
  <ItemGroup>
    <Filter Include="Source Files">
      <UniqueIdentifier>{4FC737F1-C7A5-4376-A066-2A32D752A2FF}</UniqueIdentifier>
      <Extensions>cpp;c;cc;cxx;def;odl;idl;hpj;bat;asm;asmx</Extensions>
    </Filter>
    <Filter Include="Header Files">
      <UniqueIdentifier>{93995380-89BD-4b04-88EB-625FBE52EBFB}</UniqueIdentifier>
      <Extensions>h;hpp;hxx;hm;inl;inc;xsd</Extensions>
    </Filter>
    <Filter Include="Resource Files">
      <UniqueIdentifier>{67DA6AB6-F800-4c08-8B7A-83BB121AAD01}</UniqueIdentifier>
      <Extensions>rc;ico;cur;bmp;dlg;rc2;rct;bin;rgs;gif;jpg;jpeg;jpe;resx;tiff;tif;png;wav;mfcribbon-ms</Extensions>
    </Filter>
  </ItemGroup>
  <ItemGroup>
    <ClInclude Include="J_UI_Controller.h">
      <Filter>Header Files</Filter>
    </ClInclude>
    <ClInclude Include="J_UI_Model.h">
      <Filter>Header Files</Filter>
    </ClInclude>
    <ClInclude Include="J_UI_Object.h">
      <Filter>Header Files</Filter>
    </ClInclude>
    <ClInclude Include="J_View.h">
      <Filter>Header Files</Filter>
    </ClInclude>
    <ClInclude Include="J_Image\J_Image.h">
      <Filter>Header Files</Filter>
    </ClInclude>
    <ClInclude Include="J_FT_Text_Displayer\J_FT_Text_Display.h">
      <Filter>Header Files</Filter>
    </ClInclude>
    <ClInclude Include="J_FT_Text_Displayer\J_Text_Box.h">
      <Filter>Header Files</Filter>
    </ClInclude>
    <ClInclude Include="J_Display_Object\J_Display_Object.h">
      <Filter>Header Files</Filter>
    </ClInclude>
    <ClInclude Include="J_UI_Functional.h">
      <Filter>Header Files</Filter>
    </ClInclude>
    <ClInclude Include="J_UI_String\J_UI_Char.h">
      <Filter>Header Files</Filter>
    </ClInclude>
    <ClInclude Include="J_UI_String\J_UI_String.h">
      <Filter>Header Files</Filter>
    </ClInclude>
    <ClInclude Include="J_Font_Manager.h">
      <Filter>Header Files</Filter>
    </ClInclude>
    <ClInclude Include="J_UI_Object_Factory.h">
      <Filter>Header Files</Filter>
    </ClInclude>
    <ClInclude Include="J_Shape.h">
      <Filter>Header Files</Filter>
    </ClInclude>
    <ClInclude Include="J_Image_Pane.h">
      <Filter>Header Files</Filter>
    </ClInclude>
    <ClInclude Include="J_Display_Image_Pane.h">
      <Filter>Header Files</Filter>
    </ClInclude>
    <ClInclude Include="J_UI_Fwd_Decl.h">
      <Filter>Header Files</Filter>
    </ClInclude>
    <ClInclude Include="J_Notification_Handler.h">
      <Filter>Header Files</Filter>
    </ClInclude>
    <ClInclude Include="j_cursor_management.h">
      <Filter>Header Files</Filter>
    </ClInclude>
    <ClInclude Include="J_FT_Text_Displayer\Letter_Box_String.h">
      <Filter>Header Files</Filter>
    </ClInclude>
    <ClInclude Include="J_FT_Text_Displayer\J_Display_Letter_Box.h">
      <Filter>Header Files</Filter>
    </ClInclude>
    <ClInclude Include="J_UI_Line.h">
      <Filter>Header Files</Filter>
    </ClInclude>
    <ClInclude Include="J_Font_Face.h">
      <Filter>Header Files</Filter>
    </ClInclude>
    <ClInclude Include="Bitmap_Metrics.h">
      <Filter>Header Files</Filter>
    </ClInclude>
    <ClInclude Include="J_Display_Object\J_Display_Line.h">
      <Filter>Header Files</Filter>
    </ClInclude>
    <ClInclude Include="J_FT_Text_Displayer\Multi_State_Text_Box.h">
      <Filter>Header Files</Filter>
    </ClInclude>
  </ItemGroup>
  <ItemGroup>
    <ClCompile Include="J_UI_Controller.cpp">
      <Filter>Source Files</Filter>
    </ClCompile>
    <ClCompile Include="J_UI_Functional.cpp">
      <Filter>Source Files</Filter>
    </ClCompile>
    <ClCompile Include="J_UI_Model.cpp">
      <Filter>Source Files</Filter>
    </ClCompile>
    <ClCompile Include="J_UI_Object.cpp">
      <Filter>Source Files</Filter>
    </ClCompile>
    <ClCompile Include="J_View.cpp">
      <Filter>Source Files</Filter>
    </ClCompile>
    <ClCompile Include="J_Display_Object\J_Display_Object.cpp">
      <Filter>Source Files</Filter>
    </ClCompile>
    <ClCompile Include="J_FT_Text_Displayer\J_FT_Text_Display.cpp">
      <Filter>Source Files</Filter>
    </ClCompile>
    <ClCompile Include="J_FT_Text_Displayer\J_Text_Box.cpp">
      <Filter>Source Files</Filter>
    </ClCompile>
    <ClCompile Include="J_Image\J_Image.cpp">
      <Filter>Source Files</Filter>
    </ClCompile>
    <ClCompile Include="J_UI_String\J_UI_String.cpp">
      <Filter>Source Files</Filter>
    </ClCompile>
    <ClCompile Include="J_UI_String\J_UI_Char.cpp">
      <Filter>Source Files</Filter>
    </ClCompile>
    <ClCompile Include="J_Font_Manager.cpp">
      <Filter>Source Files</Filter>
    </ClCompile>
    <ClCompile Include="J_UI_Object_Factory.cpp">
      <Filter>Source Files</Filter>
    </ClCompile>
    <ClCompile Include="J_Shape.cpp">
      <Filter>Source Files</Filter>
    </ClCompile>
    <ClCompile Include="J_Display_Image_Pane.cpp">
      <Filter>Source Files</Filter>
    </ClCompile>
    <ClCompile Include="J_Image_Pane.cpp">
      <Filter>Source Files</Filter>
    </ClCompile>
    <ClCompile Include="J_Notification_Handler.cpp">
      <Filter>Source Files</Filter>
    </ClCompile>
    <ClCompile Include="j_cursor_management.cpp">
      <Filter>Source Files</Filter>
    </ClCompile>
    <ClCompile Include="J_FT_Text_Displayer\Letter_Box_String.cpp">
      <Filter>Source Files</Filter>
    </ClCompile>
    <ClCompile Include="J_FT_Text_Displayer\J_Display_Letter_Box.cpp">
      <Filter>Source Files</Filter>
    </ClCompile>
    <ClCompile Include="J_Font_Face.cpp">
      <Filter>Source Files</Filter>
    </ClCompile>
    <ClCompile Include="Bitmap_Metrics.cpp">
      <Filter>Source Files</Filter>
    </ClCompile>
    <ClCompile Include="J_Display_Object\J_Display_Line.cpp">
      <Filter>Source Files</Filter>
    </ClCompile>
    <ClCompile Include="J_UI_Line.cpp">
      <Filter>Source Files</Filter>
    </ClCompile>
    <ClCompile Include="J_FT_Text_Displayer\Multi_State_Text_Box.cpp">
      <Filter>Source Files</Filter>
    </ClCompile>
  </ItemGroup>
</Project>